
Microsoft Visual Studio Solution File, Format Version 12.00
# Visual Studio Version 17
VisualStudioVersion = 17.4.33205.214
MinimumVisualStudioVersion = 10.0.40219.1
Project("{9A19103F-16F7-4668-BE54-9A1E7A4F7556}") = "Singleton", "Singleton\Singleton.csproj", "{355E42E7-9E00-40D2-9C1E-189A732F5380}"
EndProject
Project("{9A19103F-16F7-4668-BE54-9A1E7A4F7556}") = "App", "App\App.csproj", "{0759DF4F-3F28-4FE7-9848-028BC5485B7D}"
EndProject
Project("{9A19103F-16F7-4668-BE54-9A1E7A4F7556}") = "Observer", "Observer\Observer.csproj", "{AAD27A99-6780-4AF2-B36E-D740E1A820DF}"
EndProject
Project("{FAE04EC0-301F-11D3-BF4B-00C04F79EFBC}") = "Factory", "Factory\Factory.csproj", "{4580E044-768C-4D5E-8CAE-00B298A27D80}"
EndProject
Project("{FAE04EC0-301F-11D3-BF4B-00C04F79EFBC}") = "FactoryMethod", "FactoryMethod\FactoryMethod.csproj", "{FF654ED2-7C28-45B9-84AA-FBB238E45332}"
EndProject
Project("{FAE04EC0-301F-11D3-BF4B-00C04F79EFBC}") = "AbstractFactory", "AbstractFactory\AbstractFactory.csproj", "{A862F6D4-D070-42AD-ACA4-6101CCAA3C1B}"
EndProject
Global
	GlobalSection(SolutionConfigurationPlatforms) = preSolution
		Debug|Any CPU = Debug|Any CPU
		Release|Any CPU = Release|Any CPU
	EndGlobalSection
	GlobalSection(ProjectConfigurationPlatforms) = postSolution
		{355E42E7-9E00-40D2-9C1E-189A732F5380}.Debug|Any CPU.ActiveCfg = Debug|Any CPU
		{355E42E7-9E00-40D2-9C1E-189A732F5380}.Debug|Any CPU.Build.0 = Debug|Any CPU
		{355E42E7-9E00-40D2-9C1E-189A732F5380}.Release|Any CPU.ActiveCfg = Release|Any CPU
		{355E42E7-9E00-40D2-9C1E-189A732F5380}.Release|Any CPU.Build.0 = Release|Any CPU
		{0759DF4F-3F28-4FE7-9848-028BC5485B7D}.Debug|Any CPU.ActiveCfg = Debug|Any CPU
		{0759DF4F-3F28-4FE7-9848-028BC5485B7D}.Debug|Any CPU.Build.0 = Debug|Any CPU
		{0759DF4F-3F28-4FE7-9848-028BC5485B7D}.Release|Any CPU.ActiveCfg = Release|Any CPU
		{0759DF4F-3F28-4FE7-9848-028BC5485B7D}.Release|Any CPU.Build.0 = Release|Any CPU
		{AAD27A99-6780-4AF2-B36E-D740E1A820DF}.Debug|Any CPU.ActiveCfg = Debug|Any CPU
		{AAD27A99-6780-4AF2-B36E-D740E1A820DF}.Debug|Any CPU.Build.0 = Debug|Any CPU
		{AAD27A99-6780-4AF2-B36E-D740E1A820DF}.Release|Any CPU.ActiveCfg = Release|Any CPU
		{AAD27A99-6780-4AF2-B36E-D740E1A820DF}.Release|Any CPU.Build.0 = Release|Any CPU
		{4580E044-768C-4D5E-8CAE-00B298A27D80}.Debug|Any CPU.ActiveCfg = Debug|Any CPU
		{4580E044-768C-4D5E-8CAE-00B298A27D80}.Debug|Any CPU.Build.0 = Debug|Any CPU
		{4580E044-768C-4D5E-8CAE-00B298A27D80}.Release|Any CPU.ActiveCfg = Release|Any CPU
		{4580E044-768C-4D5E-8CAE-00B298A27D80}.Release|Any CPU.Build.0 = Release|Any CPU
		{FF654ED2-7C28-45B9-84AA-FBB238E45332}.Debug|Any CPU.ActiveCfg = Debug|Any CPU
		{FF654ED2-7C28-45B9-84AA-FBB238E45332}.Debug|Any CPU.Build.0 = Debug|Any CPU
		{FF654ED2-7C28-45B9-84AA-FBB238E45332}.Release|Any CPU.ActiveCfg = Release|Any CPU
		{FF654ED2-7C28-45B9-84AA-FBB238E45332}.Release|Any CPU.Build.0 = Release|Any CPU
		{A862F6D4-D070-42AD-ACA4-6101CCAA3C1B}.Debug|Any CPU.ActiveCfg = Debug|Any CPU
		{A862F6D4-D070-42AD-ACA4-6101CCAA3C1B}.Debug|Any CPU.Build.0 = Debug|Any CPU
		{A862F6D4-D070-42AD-ACA4-6101CCAA3C1B}.Release|Any CPU.ActiveCfg = Release|Any CPU
		{A862F6D4-D070-42AD-ACA4-6101CCAA3C1B}.Release|Any CPU.Build.0 = Release|Any CPU
	EndGlobalSection
	GlobalSection(SolutionProperties) = preSolution
		HideSolutionNode = FALSE
	EndGlobalSection
	GlobalSection(ExtensibilityGlobals) = postSolution
		SolutionGuid = {650935E9-592C-43BD-9C1D-5D880F4F8F6D}
	EndGlobalSection
EndGlobal
